
Microsoft Visual Studio Solution File, Format Version 12.00
# Visual Studio 14
VisualStudioVersion = 14.0.25420.1
MinimumVisualStudioVersion = 10.0.40219.1
Project("{FAE04EC0-301F-11D3-BF4B-00C04F79EFBC}") = "Farseer Physics", "SourceFiles\Farseer Physics.csproj", "{A4610E4C-DD34-428B-BABB-779CA0B5993A}"
EndProject
Project("{2150E333-8FDC-42A3-9474-1A3956D46DE8}") = "Examples", "Examples", "{7897DA35-E2C0-47B0-8B72-199ABFF4363B}"
EndProject
Project("{FAE04EC0-301F-11D3-BF4B-00C04F79EFBC}") = "ExampleOne", "ExampleOne\ExampleOne.csproj", "{B73840AD-1A76-4B77-9B4F-3F689CB8015C}"
EndProject
Project("{FAE04EC0-301F-11D3-BF4B-00C04F79EFBC}") = "ExampleShared", "ExampleShared\ExampleShared.csproj", "{800F8905-9953-4B90-ADAD-02BE51E93C5B}"
EndProject
Project("{FAE04EC0-301F-11D3-BF4B-00C04F79EFBC}") = "ExampleTwo", "ExampleTwo\ExampleTwo.csproj", "{3458A162-B939-4013-8DA0-466B0B3C6A54}"
EndProject
Global
	GlobalSection(SolutionConfigurationPlatforms) = preSolution
		Android|Any CPU = Android|Any CPU
		Android|Mixed Platforms = Android|Mixed Platforms
		Android|Windows Phone = Android|Windows Phone
		Android|x86 = Android|x86
		Android|Xbox 360 = Android|Xbox 360
		Debug|Any CPU = Debug|Any CPU
		Debug|Mixed Platforms = Debug|Mixed Platforms
		Debug|Windows Phone = Debug|Windows Phone
		Debug|x86 = Debug|x86
		Debug|Xbox 360 = Debug|Xbox 360
		iOS|Any CPU = iOS|Any CPU
		iOS|Mixed Platforms = iOS|Mixed Platforms
		iOS|Windows Phone = iOS|Windows Phone
		iOS|x86 = iOS|x86
		iOS|Xbox 360 = iOS|Xbox 360
		Linux|Any CPU = Linux|Any CPU
		Linux|Mixed Platforms = Linux|Mixed Platforms
		Linux|Windows Phone = Linux|Windows Phone
		Linux|x86 = Linux|x86
		Linux|Xbox 360 = Linux|Xbox 360
		OSX|Any CPU = OSX|Any CPU
		OSX|Mixed Platforms = OSX|Mixed Platforms
		OSX|Windows Phone = OSX|Windows Phone
		OSX|x86 = OSX|x86
		OSX|Xbox 360 = OSX|Xbox 360
		PSM|Any CPU = PSM|Any CPU
		PSM|Mixed Platforms = PSM|Mixed Platforms
		PSM|Windows Phone = PSM|Windows Phone
		PSM|x86 = PSM|x86
		PSM|Xbox 360 = PSM|Xbox 360
		Release|Any CPU = Release|Any CPU
		Release|Mixed Platforms = Release|Mixed Platforms
		Release|Windows Phone = Release|Windows Phone
		Release|x86 = Release|x86
		Release|Xbox 360 = Release|Xbox 360
		Windows|Any CPU = Windows|Any CPU
		Windows|Mixed Platforms = Windows|Mixed Platforms
		Windows|Windows Phone = Windows|Windows Phone
		Windows|x86 = Windows|x86
		Windows|Xbox 360 = Windows|Xbox 360
		Windows8|Any CPU = Windows8|Any CPU
		Windows8|Mixed Platforms = Windows8|Mixed Platforms
		Windows8|Windows Phone = Windows8|Windows Phone
		Windows8|x86 = Windows8|x86
		Windows8|Xbox 360 = Windows8|Xbox 360
	EndGlobalSection
	GlobalSection(ProjectConfigurationPlatforms) = postSolution
		{A4610E4C-DD34-428B-BABB-779CA0B5993A}.Android|Any CPU.ActiveCfg = Release|Any CPU
		{A4610E4C-DD34-428B-BABB-779CA0B5993A}.Android|Any CPU.Build.0 = Release|Any CPU
		{A4610E4C-DD34-428B-BABB-779CA0B5993A}.Android|Mixed Platforms.ActiveCfg = Release|Any CPU
		{A4610E4C-DD34-428B-BABB-779CA0B5993A}.Android|Mixed Platforms.Build.0 = Release|Any CPU
		{A4610E4C-DD34-428B-BABB-779CA0B5993A}.Android|Windows Phone.ActiveCfg = Release|Any CPU
		{A4610E4C-DD34-428B-BABB-779CA0B5993A}.Android|x86.ActiveCfg = Release|Any CPU
		{A4610E4C-DD34-428B-BABB-779CA0B5993A}.Android|Xbox 360.ActiveCfg = Release|Any CPU
		{A4610E4C-DD34-428B-BABB-779CA0B5993A}.Debug|Any CPU.ActiveCfg = Debug|Any CPU
		{A4610E4C-DD34-428B-BABB-779CA0B5993A}.Debug|Any CPU.Build.0 = Debug|Any CPU
		{A4610E4C-DD34-428B-BABB-779CA0B5993A}.Debug|Mixed Platforms.ActiveCfg = Debug|Any CPU
		{A4610E4C-DD34-428B-BABB-779CA0B5993A}.Debug|Mixed Platforms.Build.0 = Debug|Any CPU
		{A4610E4C-DD34-428B-BABB-779CA0B5993A}.Debug|Windows Phone.ActiveCfg = Debug|Any CPU
		{A4610E4C-DD34-428B-BABB-779CA0B5993A}.Debug|x86.ActiveCfg = Debug|Any CPU
		{A4610E4C-DD34-428B-BABB-779CA0B5993A}.Debug|Xbox 360.ActiveCfg = Debug|Any CPU
		{A4610E4C-DD34-428B-BABB-779CA0B5993A}.iOS|Any CPU.ActiveCfg = Release|Any CPU
		{A4610E4C-DD34-428B-BABB-779CA0B5993A}.iOS|Any CPU.Build.0 = Release|Any CPU
		{A4610E4C-DD34-428B-BABB-779CA0B5993A}.iOS|Mixed Platforms.ActiveCfg = Release|Any CPU
		{A4610E4C-DD34-428B-BABB-779CA0B5993A}.iOS|Mixed Platforms.Build.0 = Release|Any CPU
		{A4610E4C-DD34-428B-BABB-779CA0B5993A}.iOS|Windows Phone.ActiveCfg = Release|Any CPU
		{A4610E4C-DD34-428B-BABB-779CA0B5993A}.iOS|x86.ActiveCfg = Release|Any CPU
		{A4610E4C-DD34-428B-BABB-779CA0B5993A}.iOS|Xbox 360.ActiveCfg = Release|Any CPU
		{A4610E4C-DD34-428B-BABB-779CA0B5993A}.Linux|Any CPU.ActiveCfg = Release|Any CPU
		{A4610E4C-DD34-428B-BABB-779CA0B5993A}.Linux|Any CPU.Build.0 = Release|Any CPU
		{A4610E4C-DD34-428B-BABB-779CA0B5993A}.Linux|Mixed Platforms.ActiveCfg = Release|Any CPU
		{A4610E4C-DD34-428B-BABB-779CA0B5993A}.Linux|Mixed Platforms.Build.0 = Release|Any CPU
		{A4610E4C-DD34-428B-BABB-779CA0B5993A}.Linux|Windows Phone.ActiveCfg = Release|Any CPU
		{A4610E4C-DD34-428B-BABB-779CA0B5993A}.Linux|x86.ActiveCfg = Release|Any CPU
		{A4610E4C-DD34-428B-BABB-779CA0B5993A}.Linux|Xbox 360.ActiveCfg = Release|Any CPU
		{A4610E4C-DD34-428B-BABB-779CA0B5993A}.OSX|Any CPU.ActiveCfg = Release|Any CPU
		{A4610E4C-DD34-428B-BABB-779CA0B5993A}.OSX|Any CPU.Build.0 = Release|Any CPU
		{A4610E4C-DD34-428B-BABB-779CA0B5993A}.OSX|Mixed Platforms.ActiveCfg = Release|Any CPU
		{A4610E4C-DD34-428B-BABB-779CA0B5993A}.OSX|Mixed Platforms.Build.0 = Release|Any CPU
		{A4610E4C-DD34-428B-BABB-779CA0B5993A}.OSX|Windows Phone.ActiveCfg = Release|Any CPU
		{A4610E4C-DD34-428B-BABB-779CA0B5993A}.OSX|x86.ActiveCfg = Release|Any CPU
		{A4610E4C-DD34-428B-BABB-779CA0B5993A}.OSX|Xbox 360.ActiveCfg = Release|Any CPU
		{A4610E4C-DD34-428B-BABB-779CA0B5993A}.PSM|Any CPU.ActiveCfg = Release|Any CPU
		{A4610E4C-DD34-428B-BABB-779CA0B5993A}.PSM|Any CPU.Build.0 = Release|Any CPU
		{A4610E4C-DD34-428B-BABB-779CA0B5993A}.PSM|Mixed Platforms.ActiveCfg = Release|Any CPU
		{A4610E4C-DD34-428B-BABB-779CA0B5993A}.PSM|Mixed Platforms.Build.0 = Release|Any CPU
		{A4610E4C-DD34-428B-BABB-779CA0B5993A}.PSM|Windows Phone.ActiveCfg = Release|Any CPU
		{A4610E4C-DD34-428B-BABB-779CA0B5993A}.PSM|x86.ActiveCfg = Release|Any CPU
		{A4610E4C-DD34-428B-BABB-779CA0B5993A}.PSM|Xbox 360.ActiveCfg = Release|Any CPU
		{A4610E4C-DD34-428B-BABB-779CA0B5993A}.Release|Any CPU.ActiveCfg = Release|Any CPU
		{A4610E4C-DD34-428B-BABB-779CA0B5993A}.Release|Any CPU.Build.0 = Release|Any CPU
		{A4610E4C-DD34-428B-BABB-779CA0B5993A}.Release|Mixed Platforms.ActiveCfg = Release|Any CPU
		{A4610E4C-DD34-428B-BABB-779CA0B5993A}.Release|Mixed Platforms.Build.0 = Release|Any CPU
		{A4610E4C-DD34-428B-BABB-779CA0B5993A}.Release|Windows Phone.ActiveCfg = Release|Any CPU
		{A4610E4C-DD34-428B-BABB-779CA0B5993A}.Release|x86.ActiveCfg = Release|Any CPU
		{A4610E4C-DD34-428B-BABB-779CA0B5993A}.Release|Xbox 360.ActiveCfg = Release|Any CPU
		{A4610E4C-DD34-428B-BABB-779CA0B5993A}.Windows|Any CPU.ActiveCfg = Release|Any CPU
		{A4610E4C-DD34-428B-BABB-779CA0B5993A}.Windows|Any CPU.Build.0 = Release|Any CPU
		{A4610E4C-DD34-428B-BABB-779CA0B5993A}.Windows|Mixed Platforms.ActiveCfg = Release|Any CPU
		{A4610E4C-DD34-428B-BABB-779CA0B5993A}.Windows|Mixed Platforms.Build.0 = Release|Any CPU
		{A4610E4C-DD34-428B-BABB-779CA0B5993A}.Windows|Windows Phone.ActiveCfg = Release|Any CPU
		{A4610E4C-DD34-428B-BABB-779CA0B5993A}.Windows|x86.ActiveCfg = Release|Any CPU
		{A4610E4C-DD34-428B-BABB-779CA0B5993A}.Windows|Xbox 360.ActiveCfg = Release|Any CPU
		{A4610E4C-DD34-428B-BABB-779CA0B5993A}.Windows8|Any CPU.ActiveCfg = Release|Any CPU
		{A4610E4C-DD34-428B-BABB-779CA0B5993A}.Windows8|Any CPU.Build.0 = Release|Any CPU
		{A4610E4C-DD34-428B-BABB-779CA0B5993A}.Windows8|Mixed Platforms.ActiveCfg = Release|Any CPU
		{A4610E4C-DD34-428B-BABB-779CA0B5993A}.Windows8|Mixed Platforms.Build.0 = Release|Any CPU
		{A4610E4C-DD34-428B-BABB-779CA0B5993A}.Windows8|Windows Phone.ActiveCfg = Release|Any CPU
		{A4610E4C-DD34-428B-BABB-779CA0B5993A}.Windows8|x86.ActiveCfg = Release|Any CPU
		{A4610E4C-DD34-428B-BABB-779CA0B5993A}.Windows8|Xbox 360.ActiveCfg = Release|Any CPU
		{B73840AD-1A76-4B77-9B4F-3F689CB8015C}.Android|Any CPU.ActiveCfg = Release|Any CPU
		{B73840AD-1A76-4B77-9B4F-3F689CB8015C}.Android|Any CPU.Build.0 = Release|Any CPU
		{B73840AD-1A76-4B77-9B4F-3F689CB8015C}.Android|Mixed Platforms.ActiveCfg = Release|Any CPU
		{B73840AD-1A76-4B77-9B4F-3F689CB8015C}.Android|Mixed Platforms.Build.0 = Release|Any CPU
		{B73840AD-1A76-4B77-9B4F-3F689CB8015C}.Android|Windows Phone.ActiveCfg = Release|Any CPU
		{B73840AD-1A76-4B77-9B4F-3F689CB8015C}.Android|Windows Phone.Build.0 = Release|Any CPU
		{B73840AD-1A76-4B77-9B4F-3F689CB8015C}.Android|x86.ActiveCfg = Release|Any CPU
		{B73840AD-1A76-4B77-9B4F-3F689CB8015C}.Android|x86.Build.0 = Release|Any CPU
		{B73840AD-1A76-4B77-9B4F-3F689CB8015C}.Android|Xbox 360.ActiveCfg = Release|Any CPU
		{B73840AD-1A76-4B77-9B4F-3F689CB8015C}.Android|Xbox 360.Build.0 = Release|Any CPU
		{B73840AD-1A76-4B77-9B4F-3F689CB8015C}.Debug|Any CPU.ActiveCfg = Debug|Any CPU
		{B73840AD-1A76-4B77-9B4F-3F689CB8015C}.Debug|Any CPU.Build.0 = Debug|Any CPU
		{B73840AD-1A76-4B77-9B4F-3F689CB8015C}.Debug|Mixed Platforms.ActiveCfg = Debug|Any CPU
		{B73840AD-1A76-4B77-9B4F-3F689CB8015C}.Debug|Mixed Platforms.Build.0 = Debug|Any CPU
		{B73840AD-1A76-4B77-9B4F-3F689CB8015C}.Debug|Windows Phone.ActiveCfg = Debug|Any CPU
		{B73840AD-1A76-4B77-9B4F-3F689CB8015C}.Debug|Windows Phone.Build.0 = Debug|Any CPU
		{B73840AD-1A76-4B77-9B4F-3F689CB8015C}.Debug|x86.ActiveCfg = Debug|Any CPU
		{B73840AD-1A76-4B77-9B4F-3F689CB8015C}.Debug|x86.Build.0 = Debug|Any CPU
		{B73840AD-1A76-4B77-9B4F-3F689CB8015C}.Debug|Xbox 360.ActiveCfg = Debug|Any CPU
		{B73840AD-1A76-4B77-9B4F-3F689CB8015C}.Debug|Xbox 360.Build.0 = Debug|Any CPU
		{B73840AD-1A76-4B77-9B4F-3F689CB8015C}.iOS|Any CPU.ActiveCfg = Release|Any CPU
		{B73840AD-1A76-4B77-9B4F-3F689CB8015C}.iOS|Any CPU.Build.0 = Release|Any CPU
		{B73840AD-1A76-4B77-9B4F-3F689CB8015C}.iOS|Mixed Platforms.ActiveCfg = Release|Any CPU
		{B73840AD-1A76-4B77-9B4F-3F689CB8015C}.iOS|Mixed Platforms.Build.0 = Release|Any CPU
		{B73840AD-1A76-4B77-9B4F-3F689CB8015C}.iOS|Windows Phone.ActiveCfg = Release|Any CPU
		{B73840AD-1A76-4B77-9B4F-3F689CB8015C}.iOS|Windows Phone.Build.0 = Release|Any CPU
		{B73840AD-1A76-4B77-9B4F-3F689CB8015C}.iOS|x86.ActiveCfg = Release|Any CPU
		{B73840AD-1A76-4B77-9B4F-3F689CB8015C}.iOS|x86.Build.0 = Release|Any CPU
		{B73840AD-1A76-4B77-9B4F-3F689CB8015C}.iOS|Xbox 360.ActiveCfg = Release|Any CPU
		{B73840AD-1A76-4B77-9B4F-3F689CB8015C}.iOS|Xbox 360.Build.0 = Release|Any CPU
		{B73840AD-1A76-4B77-9B4F-3F689CB8015C}.Linux|Any CPU.ActiveCfg = Release|Any CPU
		{B73840AD-1A76-4B77-9B4F-3F689CB8015C}.Linux|Any CPU.Build.0 = Release|Any CPU
		{B73840AD-1A76-4B77-9B4F-3F689CB8015C}.Linux|Mixed Platforms.ActiveCfg = Release|Any CPU
		{B73840AD-1A76-4B77-9B4F-3F689CB8015C}.Linux|Mixed Platforms.Build.0 = Release|Any CPU
		{B73840AD-1A76-4B77-9B4F-3F689CB8015C}.Linux|Windows Phone.ActiveCfg = Release|Any CPU
		{B73840AD-1A76-4B77-9B4F-3F689CB8015C}.Linux|Windows Phone.Build.0 = Release|Any CPU
		{B73840AD-1A76-4B77-9B4F-3F689CB8015C}.Linux|x86.ActiveCfg = Release|Any CPU
		{B73840AD-1A76-4B77-9B4F-3F689CB8015C}.Linux|x86.Build.0 = Release|Any CPU
		{B73840AD-1A76-4B77-9B4F-3F689CB8015C}.Linux|Xbox 360.ActiveCfg = Release|Any CPU
		{B73840AD-1A76-4B77-9B4F-3F689CB8015C}.Linux|Xbox 360.Build.0 = Release|Any CPU
		{B73840AD-1A76-4B77-9B4F-3F689CB8015C}.OSX|Any CPU.ActiveCfg = Release|Any CPU
		{B73840AD-1A76-4B77-9B4F-3F689CB8015C}.OSX|Any CPU.Build.0 = Release|Any CPU
		{B73840AD-1A76-4B77-9B4F-3F689CB8015C}.OSX|Mixed Platforms.ActiveCfg = Release|Any CPU
		{B73840AD-1A76-4B77-9B4F-3F689CB8015C}.OSX|Mixed Platforms.Build.0 = Release|Any CPU
		{B73840AD-1A76-4B77-9B4F-3F689CB8015C}.OSX|Windows Phone.ActiveCfg = Release|Any CPU
		{B73840AD-1A76-4B77-9B4F-3F689CB8015C}.OSX|Windows Phone.Build.0 = Release|Any CPU
		{B73840AD-1A76-4B77-9B4F-3F689CB8015C}.OSX|x86.ActiveCfg = Release|Any CPU
		{B73840AD-1A76-4B77-9B4F-3F689CB8015C}.OSX|x86.Build.0 = Release|Any CPU
		{B73840AD-1A76-4B77-9B4F-3F689CB8015C}.OSX|Xbox 360.ActiveCfg = Release|Any CPU
		{B73840AD-1A76-4B77-9B4F-3F689CB8015C}.OSX|Xbox 360.Build.0 = Release|Any CPU
		{B73840AD-1A76-4B77-9B4F-3F689CB8015C}.PSM|Any CPU.ActiveCfg = Release|Any CPU
		{B73840AD-1A76-4B77-9B4F-3F689CB8015C}.PSM|Any CPU.Build.0 = Release|Any CPU
		{B73840AD-1A76-4B77-9B4F-3F689CB8015C}.PSM|Mixed Platforms.ActiveCfg = Release|Any CPU
		{B73840AD-1A76-4B77-9B4F-3F689CB8015C}.PSM|Mixed Platforms.Build.0 = Release|Any CPU
		{B73840AD-1A76-4B77-9B4F-3F689CB8015C}.PSM|Windows Phone.ActiveCfg = Release|Any CPU
		{B73840AD-1A76-4B77-9B4F-3F689CB8015C}.PSM|Windows Phone.Build.0 = Release|Any CPU
		{B73840AD-1A76-4B77-9B4F-3F689CB8015C}.PSM|x86.ActiveCfg = Release|Any CPU
		{B73840AD-1A76-4B77-9B4F-3F689CB8015C}.PSM|x86.Build.0 = Release|Any CPU
		{B73840AD-1A76-4B77-9B4F-3F689CB8015C}.PSM|Xbox 360.ActiveCfg = Release|Any CPU
		{B73840AD-1A76-4B77-9B4F-3F689CB8015C}.PSM|Xbox 360.Build.0 = Release|Any CPU
		{B73840AD-1A76-4B77-9B4F-3F689CB8015C}.Release|Any CPU.ActiveCfg = Release|Any CPU
		{B73840AD-1A76-4B77-9B4F-3F689CB8015C}.Release|Any CPU.Build.0 = Release|Any CPU
		{B73840AD-1A76-4B77-9B4F-3F689CB8015C}.Release|Mixed Platforms.ActiveCfg = Release|Any CPU
		{B73840AD-1A76-4B77-9B4F-3F689CB8015C}.Release|Mixed Platforms.Build.0 = Release|Any CPU
		{B73840AD-1A76-4B77-9B4F-3F689CB8015C}.Release|Windows Phone.ActiveCfg = Release|Any CPU
		{B73840AD-1A76-4B77-9B4F-3F689CB8015C}.Release|Windows Phone.Build.0 = Release|Any CPU
		{B73840AD-1A76-4B77-9B4F-3F689CB8015C}.Release|x86.ActiveCfg = Release|Any CPU
		{B73840AD-1A76-4B77-9B4F-3F689CB8015C}.Release|x86.Build.0 = Release|Any CPU
		{B73840AD-1A76-4B77-9B4F-3F689CB8015C}.Release|Xbox 360.ActiveCfg = Release|Any CPU
		{B73840AD-1A76-4B77-9B4F-3F689CB8015C}.Release|Xbox 360.Build.0 = Release|Any CPU
		{B73840AD-1A76-4B77-9B4F-3F689CB8015C}.Windows|Any CPU.ActiveCfg = Release|Any CPU
		{B73840AD-1A76-4B77-9B4F-3F689CB8015C}.Windows|Any CPU.Build.0 = Release|Any CPU
		{B73840AD-1A76-4B77-9B4F-3F689CB8015C}.Windows|Mixed Platforms.ActiveCfg = Release|Any CPU
		{B73840AD-1A76-4B77-9B4F-3F689CB8015C}.Windows|Mixed Platforms.Build.0 = Release|Any CPU
		{B73840AD-1A76-4B77-9B4F-3F689CB8015C}.Windows|Windows Phone.ActiveCfg = Release|Any CPU
		{B73840AD-1A76-4B77-9B4F-3F689CB8015C}.Windows|Windows Phone.Build.0 = Release|Any CPU
		{B73840AD-1A76-4B77-9B4F-3F689CB8015C}.Windows|x86.ActiveCfg = Release|Any CPU
		{B73840AD-1A76-4B77-9B4F-3F689CB8015C}.Windows|x86.Build.0 = Release|Any CPU
		{B73840AD-1A76-4B77-9B4F-3F689CB8015C}.Windows|Xbox 360.ActiveCfg = Release|Any CPU
		{B73840AD-1A76-4B77-9B4F-3F689CB8015C}.Windows|Xbox 360.Build.0 = Release|Any CPU
		{B73840AD-1A76-4B77-9B4F-3F689CB8015C}.Windows8|Any CPU.ActiveCfg = Release|Any CPU
		{B73840AD-1A76-4B77-9B4F-3F689CB8015C}.Windows8|Any CPU.Build.0 = Release|Any CPU
		{B73840AD-1A76-4B77-9B4F-3F689CB8015C}.Windows8|Mixed Platforms.ActiveCfg = Release|Any CPU
		{B73840AD-1A76-4B77-9B4F-3F689CB8015C}.Windows8|Mixed Platforms.Build.0 = Release|Any CPU
		{B73840AD-1A76-4B77-9B4F-3F689CB8015C}.Windows8|Windows Phone.ActiveCfg = Release|Any CPU
		{B73840AD-1A76-4B77-9B4F-3F689CB8015C}.Windows8|Windows Phone.Build.0 = Release|Any CPU
		{B73840AD-1A76-4B77-9B4F-3F689CB8015C}.Windows8|x86.ActiveCfg = Release|Any CPU
		{B73840AD-1A76-4B77-9B4F-3F689CB8015C}.Windows8|x86.Build.0 = Release|Any CPU
		{B73840AD-1A76-4B77-9B4F-3F689CB8015C}.Windows8|Xbox 360.ActiveCfg = Release|Any CPU
		{B73840AD-1A76-4B77-9B4F-3F689CB8015C}.Windows8|Xbox 360.Build.0 = Release|Any CPU
		{800F8905-9953-4B90-ADAD-02BE51E93C5B}.Android|Any CPU.ActiveCfg = Release|Any CPU
		{800F8905-9953-4B90-ADAD-02BE51E93C5B}.Android|Any CPU.Build.0 = Release|Any CPU
		{800F8905-9953-4B90-ADAD-02BE51E93C5B}.Android|Mixed Platforms.ActiveCfg = Release|Any CPU
		{800F8905-9953-4B90-ADAD-02BE51E93C5B}.Android|Mixed Platforms.Build.0 = Release|Any CPU
		{800F8905-9953-4B90-ADAD-02BE51E93C5B}.Android|Windows Phone.ActiveCfg = Release|Any CPU
		{800F8905-9953-4B90-ADAD-02BE51E93C5B}.Android|Windows Phone.Build.0 = Release|Any CPU
		{800F8905-9953-4B90-ADAD-02BE51E93C5B}.Android|x86.ActiveCfg = Release|Any CPU
		{800F8905-9953-4B90-ADAD-02BE51E93C5B}.Android|x86.Build.0 = Release|Any CPU
		{800F8905-9953-4B90-ADAD-02BE51E93C5B}.Android|Xbox 360.ActiveCfg = Release|Any CPU
		{800F8905-9953-4B90-ADAD-02BE51E93C5B}.Android|Xbox 360.Build.0 = Release|Any CPU
		{800F8905-9953-4B90-ADAD-02BE51E93C5B}.Debug|Any CPU.ActiveCfg = Debug|Any CPU
		{800F8905-9953-4B90-ADAD-02BE51E93C5B}.Debug|Any CPU.Build.0 = Debug|Any CPU
		{800F8905-9953-4B90-ADAD-02BE51E93C5B}.Debug|Mixed Platforms.ActiveCfg = Debug|Any CPU
		{800F8905-9953-4B90-ADAD-02BE51E93C5B}.Debug|Mixed Platforms.Build.0 = Debug|Any CPU
		{800F8905-9953-4B90-ADAD-02BE51E93C5B}.Debug|Windows Phone.ActiveCfg = Debug|Any CPU
		{800F8905-9953-4B90-ADAD-02BE51E93C5B}.Debug|Windows Phone.Build.0 = Debug|Any CPU
		{800F8905-9953-4B90-ADAD-02BE51E93C5B}.Debug|x86.ActiveCfg = Debug|Any CPU
		{800F8905-9953-4B90-ADAD-02BE51E93C5B}.Debug|x86.Build.0 = Debug|Any CPU
		{800F8905-9953-4B90-ADAD-02BE51E93C5B}.Debug|Xbox 360.ActiveCfg = Debug|Any CPU
		{800F8905-9953-4B90-ADAD-02BE51E93C5B}.Debug|Xbox 360.Build.0 = Debug|Any CPU
		{800F8905-9953-4B90-ADAD-02BE51E93C5B}.iOS|Any CPU.ActiveCfg = Release|Any CPU
		{800F8905-9953-4B90-ADAD-02BE51E93C5B}.iOS|Any CPU.Build.0 = Release|Any CPU
		{800F8905-9953-4B90-ADAD-02BE51E93C5B}.iOS|Mixed Platforms.ActiveCfg = Release|Any CPU
		{800F8905-9953-4B90-ADAD-02BE51E93C5B}.iOS|Mixed Platforms.Build.0 = Release|Any CPU
		{800F8905-9953-4B90-ADAD-02BE51E93C5B}.iOS|Windows Phone.ActiveCfg = Release|Any CPU
		{800F8905-9953-4B90-ADAD-02BE51E93C5B}.iOS|Windows Phone.Build.0 = Release|Any CPU
		{800F8905-9953-4B90-ADAD-02BE51E93C5B}.iOS|x86.ActiveCfg = Release|Any CPU
		{800F8905-9953-4B90-ADAD-02BE51E93C5B}.iOS|x86.Build.0 = Release|Any CPU
		{800F8905-9953-4B90-ADAD-02BE51E93C5B}.iOS|Xbox 360.ActiveCfg = Release|Any CPU
		{800F8905-9953-4B90-ADAD-02BE51E93C5B}.iOS|Xbox 360.Build.0 = Release|Any CPU
		{800F8905-9953-4B90-ADAD-02BE51E93C5B}.Linux|Any CPU.ActiveCfg = Release|Any CPU
		{800F8905-9953-4B90-ADAD-02BE51E93C5B}.Linux|Any CPU.Build.0 = Release|Any CPU
		{800F8905-9953-4B90-ADAD-02BE51E93C5B}.Linux|Mixed Platforms.ActiveCfg = Release|Any CPU
		{800F8905-9953-4B90-ADAD-02BE51E93C5B}.Linux|Mixed Platforms.Build.0 = Release|Any CPU
		{800F8905-9953-4B90-ADAD-02BE51E93C5B}.Linux|Windows Phone.ActiveCfg = Release|Any CPU
		{800F8905-9953-4B90-ADAD-02BE51E93C5B}.Linux|Windows Phone.Build.0 = Release|Any CPU
		{800F8905-9953-4B90-ADAD-02BE51E93C5B}.Linux|x86.ActiveCfg = Release|Any CPU
		{800F8905-9953-4B90-ADAD-02BE51E93C5B}.Linux|x86.Build.0 = Release|Any CPU
		{800F8905-9953-4B90-ADAD-02BE51E93C5B}.Linux|Xbox 360.ActiveCfg = Release|Any CPU
		{800F8905-9953-4B90-ADAD-02BE51E93C5B}.Linux|Xbox 360.Build.0 = Release|Any CPU
		{800F8905-9953-4B90-ADAD-02BE51E93C5B}.OSX|Any CPU.ActiveCfg = Release|Any CPU
		{800F8905-9953-4B90-ADAD-02BE51E93C5B}.OSX|Any CPU.Build.0 = Release|Any CPU
		{800F8905-9953-4B90-ADAD-02BE51E93C5B}.OSX|Mixed Platforms.ActiveCfg = Release|Any CPU
		{800F8905-9953-4B90-ADAD-02BE51E93C5B}.OSX|Mixed Platforms.Build.0 = Release|Any CPU
		{800F8905-9953-4B90-ADAD-02BE51E93C5B}.OSX|Windows Phone.ActiveCfg = Release|Any CPU
		{800F8905-9953-4B90-ADAD-02BE51E93C5B}.OSX|Windows Phone.Build.0 = Release|Any CPU
		{800F8905-9953-4B90-ADAD-02BE51E93C5B}.OSX|x86.ActiveCfg = Release|Any CPU
		{800F8905-9953-4B90-ADAD-02BE51E93C5B}.OSX|x86.Build.0 = Release|Any CPU
		{800F8905-9953-4B90-ADAD-02BE51E93C5B}.OSX|Xbox 360.ActiveCfg = Release|Any CPU
		{800F8905-9953-4B90-ADAD-02BE51E93C5B}.OSX|Xbox 360.Build.0 = Release|Any CPU
		{800F8905-9953-4B90-ADAD-02BE51E93C5B}.PSM|Any CPU.ActiveCfg = Release|Any CPU
		{800F8905-9953-4B90-ADAD-02BE51E93C5B}.PSM|Any CPU.Build.0 = Release|Any CPU
		{800F8905-9953-4B90-ADAD-02BE51E93C5B}.PSM|Mixed Platforms.ActiveCfg = Release|Any CPU
		{800F8905-9953-4B90-ADAD-02BE51E93C5B}.PSM|Mixed Platforms.Build.0 = Release|Any CPU
		{800F8905-9953-4B90-ADAD-02BE51E93C5B}.PSM|Windows Phone.ActiveCfg = Release|Any CPU
		{800F8905-9953-4B90-ADAD-02BE51E93C5B}.PSM|Windows Phone.Build.0 = Release|Any CPU
		{800F8905-9953-4B90-ADAD-02BE51E93C5B}.PSM|x86.ActiveCfg = Release|Any CPU
		{800F8905-9953-4B90-ADAD-02BE51E93C5B}.PSM|x86.Build.0 = Release|Any CPU
		{800F8905-9953-4B90-ADAD-02BE51E93C5B}.PSM|Xbox 360.ActiveCfg = Release|Any CPU
		{800F8905-9953-4B90-ADAD-02BE51E93C5B}.PSM|Xbox 360.Build.0 = Release|Any CPU
		{800F8905-9953-4B90-ADAD-02BE51E93C5B}.Release|Any CPU.ActiveCfg = Release|Any CPU
		{800F8905-9953-4B90-ADAD-02BE51E93C5B}.Release|Any CPU.Build.0 = Release|Any CPU
		{800F8905-9953-4B90-ADAD-02BE51E93C5B}.Release|Mixed Platforms.ActiveCfg = Release|Any CPU
		{800F8905-9953-4B90-ADAD-02BE51E93C5B}.Release|Mixed Platforms.Build.0 = Release|Any CPU
		{800F8905-9953-4B90-ADAD-02BE51E93C5B}.Release|Windows Phone.ActiveCfg = Release|Any CPU
		{800F8905-9953-4B90-ADAD-02BE51E93C5B}.Release|Windows Phone.Build.0 = Release|Any CPU
		{800F8905-9953-4B90-ADAD-02BE51E93C5B}.Release|x86.ActiveCfg = Release|Any CPU
		{800F8905-9953-4B90-ADAD-02BE51E93C5B}.Release|x86.Build.0 = Release|Any CPU
		{800F8905-9953-4B90-ADAD-02BE51E93C5B}.Release|Xbox 360.ActiveCfg = Release|Any CPU
		{800F8905-9953-4B90-ADAD-02BE51E93C5B}.Release|Xbox 360.Build.0 = Release|Any CPU
		{800F8905-9953-4B90-ADAD-02BE51E93C5B}.Windows|Any CPU.ActiveCfg = Release|Any CPU
		{800F8905-9953-4B90-ADAD-02BE51E93C5B}.Windows|Any CPU.Build.0 = Release|Any CPU
		{800F8905-9953-4B90-ADAD-02BE51E93C5B}.Windows|Mixed Platforms.ActiveCfg = Release|Any CPU
		{800F8905-9953-4B90-ADAD-02BE51E93C5B}.Windows|Mixed Platforms.Build.0 = Release|Any CPU
		{800F8905-9953-4B90-ADAD-02BE51E93C5B}.Windows|Windows Phone.ActiveCfg = Release|Any CPU
		{800F8905-9953-4B90-ADAD-02BE51E93C5B}.Windows|Windows Phone.Build.0 = Release|Any CPU
		{800F8905-9953-4B90-ADAD-02BE51E93C5B}.Windows|x86.ActiveCfg = Release|Any CPU
		{800F8905-9953-4B90-ADAD-02BE51E93C5B}.Windows|x86.Build.0 = Release|Any CPU
		{800F8905-9953-4B90-ADAD-02BE51E93C5B}.Windows|Xbox 360.ActiveCfg = Release|Any CPU
		{800F8905-9953-4B90-ADAD-02BE51E93C5B}.Windows|Xbox 360.Build.0 = Release|Any CPU
		{800F8905-9953-4B90-ADAD-02BE51E93C5B}.Windows8|Any CPU.ActiveCfg = Release|Any CPU
		{800F8905-9953-4B90-ADAD-02BE51E93C5B}.Windows8|Any CPU.Build.0 = Release|Any CPU
		{800F8905-9953-4B90-ADAD-02BE51E93C5B}.Windows8|Mixed Platforms.ActiveCfg = Release|Any CPU
		{800F8905-9953-4B90-ADAD-02BE51E93C5B}.Windows8|Mixed Platforms.Build.0 = Release|Any CPU
		{800F8905-9953-4B90-ADAD-02BE51E93C5B}.Windows8|Windows Phone.ActiveCfg = Release|Any CPU
		{800F8905-9953-4B90-ADAD-02BE51E93C5B}.Windows8|Windows Phone.Build.0 = Release|Any CPU
		{800F8905-9953-4B90-ADAD-02BE51E93C5B}.Windows8|x86.ActiveCfg = Release|Any CPU
		{800F8905-9953-4B90-ADAD-02BE51E93C5B}.Windows8|x86.Build.0 = Release|Any CPU
		{800F8905-9953-4B90-ADAD-02BE51E93C5B}.Windows8|Xbox 360.ActiveCfg = Release|Any CPU
		{800F8905-9953-4B90-ADAD-02BE51E93C5B}.Windows8|Xbox 360.Build.0 = Release|Any CPU
		{3458A162-B939-4013-8DA0-466B0B3C6A54}.Android|Any CPU.ActiveCfg = Release|Any CPU
		{3458A162-B939-4013-8DA0-466B0B3C6A54}.Android|Any CPU.Build.0 = Release|Any CPU
		{3458A162-B939-4013-8DA0-466B0B3C6A54}.Android|Mixed Platforms.ActiveCfg = Release|Any CPU
		{3458A162-B939-4013-8DA0-466B0B3C6A54}.Android|Mixed Platforms.Build.0 = Release|Any CPU
		{3458A162-B939-4013-8DA0-466B0B3C6A54}.Android|Windows Phone.ActiveCfg = Release|Any CPU
		{3458A162-B939-4013-8DA0-466B0B3C6A54}.Android|Windows Phone.Build.0 = Release|Any CPU
		{3458A162-B939-4013-8DA0-466B0B3C6A54}.Android|x86.ActiveCfg = Release|Any CPU
		{3458A162-B939-4013-8DA0-466B0B3C6A54}.Android|x86.Build.0 = Release|Any CPU
		{3458A162-B939-4013-8DA0-466B0B3C6A54}.Android|Xbox 360.ActiveCfg = Release|Any CPU
		{3458A162-B939-4013-8DA0-466B0B3C6A54}.Android|Xbox 360.Build.0 = Release|Any CPU
		{3458A162-B939-4013-8DA0-466B0B3C6A54}.Debug|Any CPU.ActiveCfg = Debug|Any CPU
		{3458A162-B939-4013-8DA0-466B0B3C6A54}.Debug|Any CPU.Build.0 = Debug|Any CPU
		{3458A162-B939-4013-8DA0-466B0B3C6A54}.Debug|Mixed Platforms.ActiveCfg = Debug|Any CPU
		{3458A162-B939-4013-8DA0-466B0B3C6A54}.Debug|Mixed Platforms.Build.0 = Debug|Any CPU
		{3458A162-B939-4013-8DA0-466B0B3C6A54}.Debug|Windows Phone.ActiveCfg = Debug|Any CPU
		{3458A162-B939-4013-8DA0-466B0B3C6A54}.Debug|Windows Phone.Build.0 = Debug|Any CPU
		{3458A162-B939-4013-8DA0-466B0B3C6A54}.Debug|x86.ActiveCfg = Debug|Any CPU
		{3458A162-B939-4013-8DA0-466B0B3C6A54}.Debug|x86.Build.0 = Debug|Any CPU
		{3458A162-B939-4013-8DA0-466B0B3C6A54}.Debug|Xbox 360.ActiveCfg = Debug|Any CPU
		{3458A162-B939-4013-8DA0-466B0B3C6A54}.Debug|Xbox 360.Build.0 = Debug|Any CPU
		{3458A162-B939-4013-8DA0-466B0B3C6A54}.iOS|Any CPU.ActiveCfg = Release|Any CPU
		{3458A162-B939-4013-8DA0-466B0B3C6A54}.iOS|Any CPU.Build.0 = Release|Any CPU
		{3458A162-B939-4013-8DA0-466B0B3C6A54}.iOS|Mixed Platforms.ActiveCfg = Release|Any CPU
		{3458A162-B939-4013-8DA0-466B0B3C6A54}.iOS|Mixed Platforms.Build.0 = Release|Any CPU
		{3458A162-B939-4013-8DA0-466B0B3C6A54}.iOS|Windows Phone.ActiveCfg = Release|Any CPU
		{3458A162-B939-4013-8DA0-466B0B3C6A54}.iOS|Windows Phone.Build.0 = Release|Any CPU
		{3458A162-B939-4013-8DA0-466B0B3C6A54}.iOS|x86.ActiveCfg = Release|Any CPU
		{3458A162-B939-4013-8DA0-466B0B3C6A54}.iOS|x86.Build.0 = Release|Any CPU
		{3458A162-B939-4013-8DA0-466B0B3C6A54}.iOS|Xbox 360.ActiveCfg = Release|Any CPU
		{3458A162-B939-4013-8DA0-466B0B3C6A54}.iOS|Xbox 360.Build.0 = Release|Any CPU
		{3458A162-B939-4013-8DA0-466B0B3C6A54}.Linux|Any CPU.ActiveCfg = Release|Any CPU
		{3458A162-B939-4013-8DA0-466B0B3C6A54}.Linux|Any CPU.Build.0 = Release|Any CPU
		{3458A162-B939-4013-8DA0-466B0B3C6A54}.Linux|Mixed Platforms.ActiveCfg = Release|Any CPU
		{3458A162-B939-4013-8DA0-466B0B3C6A54}.Linux|Mixed Platforms.Build.0 = Release|Any CPU
		{3458A162-B939-4013-8DA0-466B0B3C6A54}.Linux|Windows Phone.ActiveCfg = Release|Any CPU
		{3458A162-B939-4013-8DA0-466B0B3C6A54}.Linux|Windows Phone.Build.0 = Release|Any CPU
		{3458A162-B939-4013-8DA0-466B0B3C6A54}.Linux|x86.ActiveCfg = Release|Any CPU
		{3458A162-B939-4013-8DA0-466B0B3C6A54}.Linux|x86.Build.0 = Release|Any CPU
		{3458A162-B939-4013-8DA0-466B0B3C6A54}.Linux|Xbox 360.ActiveCfg = Release|Any CPU
		{3458A162-B939-4013-8DA0-466B0B3C6A54}.Linux|Xbox 360.Build.0 = Release|Any CPU
		{3458A162-B939-4013-8DA0-466B0B3C6A54}.OSX|Any CPU.ActiveCfg = Release|Any CPU
		{3458A162-B939-4013-8DA0-466B0B3C6A54}.OSX|Any CPU.Build.0 = Release|Any CPU
		{3458A162-B939-4013-8DA0-466B0B3C6A54}.OSX|Mixed Platforms.ActiveCfg = Release|Any CPU
		{3458A162-B939-4013-8DA0-466B0B3C6A54}.OSX|Mixed Platforms.Build.0 = Release|Any CPU
		{3458A162-B939-4013-8DA0-466B0B3C6A54}.OSX|Windows Phone.ActiveCfg = Release|Any CPU
		{3458A162-B939-4013-8DA0-466B0B3C6A54}.OSX|Windows Phone.Build.0 = Release|Any CPU
		{3458A162-B939-4013-8DA0-466B0B3C6A54}.OSX|x86.ActiveCfg = Release|Any CPU
		{3458A162-B939-4013-8DA0-466B0B3C6A54}.OSX|x86.Build.0 = Release|Any CPU
		{3458A162-B939-4013-8DA0-466B0B3C6A54}.OSX|Xbox 360.ActiveCfg = Release|Any CPU
		{3458A162-B939-4013-8DA0-466B0B3C6A54}.OSX|Xbox 360.Build.0 = Release|Any CPU
		{3458A162-B939-4013-8DA0-466B0B3C6A54}.PSM|Any CPU.ActiveCfg = Release|Any CPU
		{3458A162-B939-4013-8DA0-466B0B3C6A54}.PSM|Any CPU.Build.0 = Release|Any CPU
		{3458A162-B939-4013-8DA0-466B0B3C6A54}.PSM|Mixed Platforms.ActiveCfg = Release|Any CPU
		{3458A162-B939-4013-8DA0-466B0B3C6A54}.PSM|Mixed Platforms.Build.0 = Release|Any CPU
		{3458A162-B939-4013-8DA0-466B0B3C6A54}.PSM|Windows Phone.ActiveCfg = Release|Any CPU
		{3458A162-B939-4013-8DA0-466B0B3C6A54}.PSM|Windows Phone.Build.0 = Release|Any CPU
		{3458A162-B939-4013-8DA0-466B0B3C6A54}.PSM|x86.ActiveCfg = Release|Any CPU
		{3458A162-B939-4013-8DA0-466B0B3C6A54}.PSM|x86.Build.0 = Release|Any CPU
		{3458A162-B939-4013-8DA0-466B0B3C6A54}.PSM|Xbox 360.ActiveCfg = Release|Any CPU
		{3458A162-B939-4013-8DA0-466B0B3C6A54}.PSM|Xbox 360.Build.0 = Release|Any CPU
		{3458A162-B939-4013-8DA0-466B0B3C6A54}.Release|Any CPU.ActiveCfg = Release|Any CPU
		{3458A162-B939-4013-8DA0-466B0B3C6A54}.Release|Any CPU.Build.0 = Release|Any CPU
		{3458A162-B939-4013-8DA0-466B0B3C6A54}.Release|Mixed Platforms.ActiveCfg = Release|Any CPU
		{3458A162-B939-4013-8DA0-466B0B3C6A54}.Release|Mixed Platforms.Build.0 = Release|Any CPU
		{3458A162-B939-4013-8DA0-466B0B3C6A54}.Release|Windows Phone.ActiveCfg = Release|Any CPU
		{3458A162-B939-4013-8DA0-466B0B3C6A54}.Release|Windows Phone.Build.0 = Release|Any CPU
		{3458A162-B939-4013-8DA0-466B0B3C6A54}.Release|x86.ActiveCfg = Release|Any CPU
		{3458A162-B939-4013-8DA0-466B0B3C6A54}.Release|x86.Build.0 = Release|Any CPU
		{3458A162-B939-4013-8DA0-466B0B3C6A54}.Release|Xbox 360.ActiveCfg = Release|Any CPU
		{3458A162-B939-4013-8DA0-466B0B3C6A54}.Release|Xbox 360.Build.0 = Release|Any CPU
		{3458A162-B939-4013-8DA0-466B0B3C6A54}.Windows|Any CPU.ActiveCfg = Release|Any CPU
		{3458A162-B939-4013-8DA0-466B0B3C6A54}.Windows|Any CPU.Build.0 = Release|Any CPU
		{3458A162-B939-4013-8DA0-466B0B3C6A54}.Windows|Mixed Platforms.ActiveCfg = Release|Any CPU
		{3458A162-B939-4013-8DA0-466B0B3C6A54}.Windows|Mixed Platforms.Build.0 = Release|Any CPU
		{3458A162-B939-4013-8DA0-466B0B3C6A54}.Windows|Windows Phone.ActiveCfg = Release|Any CPU
		{3458A162-B939-4013-8DA0-466B0B3C6A54}.Windows|Windows Phone.Build.0 = Release|Any CPU
		{3458A162-B939-4013-8DA0-466B0B3C6A54}.Windows|x86.ActiveCfg = Release|Any CPU
		{3458A162-B939-4013-8DA0-466B0B3C6A54}.Windows|x86.Build.0 = Release|Any CPU
		{3458A162-B939-4013-8DA0-466B0B3C6A54}.Windows|Xbox 360.ActiveCfg = Release|Any CPU
		{3458A162-B939-4013-8DA0-466B0B3C6A54}.Windows|Xbox 360.Build.0 = Release|Any CPU
		{3458A162-B939-4013-8DA0-466B0B3C6A54}.Windows8|Any CPU.ActiveCfg = Release|Any CPU
		{3458A162-B939-4013-8DA0-466B0B3C6A54}.Windows8|Any CPU.Build.0 = Release|Any CPU
		{3458A162-B939-4013-8DA0-466B0B3C6A54}.Windows8|Mixed Platforms.ActiveCfg = Release|Any CPU
		{3458A162-B939-4013-8DA0-466B0B3C6A54}.Windows8|Mixed Platforms.Build.0 = Release|Any CPU
		{3458A162-B939-4013-8DA0-466B0B3C6A54}.Windows8|Windows Phone.ActiveCfg = Release|Any CPU
		{3458A162-B939-4013-8DA0-466B0B3C6A54}.Windows8|Windows Phone.Build.0 = Release|Any CPU
		{3458A162-B939-4013-8DA0-466B0B3C6A54}.Windows8|x86.ActiveCfg = Release|Any CPU
		{3458A162-B939-4013-8DA0-466B0B3C6A54}.Windows8|x86.Build.0 = Release|Any CPU
		{3458A162-B939-4013-8DA0-466B0B3C6A54}.Windows8|Xbox 360.ActiveCfg = Release|Any CPU
		{3458A162-B939-4013-8DA0-466B0B3C6A54}.Windows8|Xbox 360.Build.0 = Release|Any CPU
	EndGlobalSection
	GlobalSection(SolutionProperties) = preSolution
		HideSolutionNode = FALSE
	EndGlobalSection
	GlobalSection(NestedProjects) = preSolution
		{B73840AD-1A76-4B77-9B4F-3F689CB8015C} = {7897DA35-E2C0-47B0-8B72-199ABFF4363B}
		{800F8905-9953-4B90-ADAD-02BE51E93C5B} = {7897DA35-E2C0-47B0-8B72-199ABFF4363B}
		{3458A162-B939-4013-8DA0-466B0B3C6A54} = {7897DA35-E2C0-47B0-8B72-199ABFF4363B}
	EndGlobalSection
EndGlobal
